Microsoft Visual Studio Solution File, Format Version 11.00
# Visual Studio 2008

Project("{B13C2FE8-8EB2-0850-29BC-F748B199EC72}") = "GGJ2016-Therapy", "Assembly-CSharp-firstpass.csproj", "{3549B56D-B6D5-5AC5-3C3D-90F4A5BD6150}"
EndProject
Project("{B13C2FE8-8EB2-0850-29BC-F748B199EC72}") = "GGJ2016-Therapy", "Assembly-CSharp.csproj", "{D08AEC84-0F64-2610-534A-65FB49675D81}"
EndProject
Project("{B13C2FE8-8EB2-0850-29BC-F748B199EC72}") = "GGJ2016-Therapy", "Assembly-CSharp-Editor.csproj", "{F793A211-0A48-A7BC-094B-B1A1C36D489B}"
EndProject
Global
	GlobalSection(SolutionConfigurationPlatforms) = preSolution
		Debug|Any CPU = Debug|Any CPU
		Release|Any CPU = Release|Any CPU
	EndGlobalSection
	GlobalSection(ProjectConfigurationPlatforms) = postSolution
		{3549B56D-B6D5-5AC5-3C3D-90F4A5BD6150}.Debug|Any CPU.ActiveCfg = Debug|Any CPU
		{3549B56D-B6D5-5AC5-3C3D-90F4A5BD6150}.Debug|Any CPU.Build.0 = Debug|Any CPU
		{3549B56D-B6D5-5AC5-3C3D-90F4A5BD6150}.Release|Any CPU.ActiveCfg = Release|Any CPU
		{3549B56D-B6D5-5AC5-3C3D-90F4A5BD6150}.Release|Any CPU.Build.0 = Release|Any CPU
		{D08AEC84-0F64-2610-534A-65FB49675D81}.Debug|Any CPU.ActiveCfg = Debug|Any CPU
		{D08AEC84-0F64-2610-534A-65FB49675D81}.Debug|Any CPU.Build.0 = Debug|Any CPU
		{D08AEC84-0F64-2610-534A-65FB49675D81}.Release|Any CPU.ActiveCfg = Release|Any CPU
		{D08AEC84-0F64-2610-534A-65FB49675D81}.Release|Any CPU.Build.0 = Release|Any CPU
		{F793A211-0A48-A7BC-094B-B1A1C36D489B}.Debug|Any CPU.ActiveCfg = Debug|Any CPU
		{F793A211-0A48-A7BC-094B-B1A1C36D489B}.Debug|Any CPU.Build.0 = Debug|Any CPU
		{F793A211-0A48-A7BC-094B-B1A1C36D489B}.Release|Any CPU.ActiveCfg = Release|Any CPU
		{F793A211-0A48-A7BC-094B-B1A1C36D489B}.Release|Any CPU.Build.0 = Release|Any CPU
	EndGlobalSection
	GlobalSection(SolutionProperties) = preSolution
		HideSolutionNode = FALSE
	EndGlobalSection
	GlobalSection(MonoDevelopProperties) = preSolution
		StartupItem = Assembly-CSharp.csproj
	EndGlobalSection
EndGlobal
